lockfileVersion: '9.0'

settings:
  autoInstallPeers: true
  excludeLinksFromLockfile: false

importers:

  .:
    dependencies:
      '@ktds-axbd/harness-kit':
        specifier: ^0.12.0
        version: 0.12.0(hono@4.12.22)

packages:

  '@ktds-axbd/harness-kit@0.12.0':
    resolution: {integrity: sha512-oPvggJEP5k+yK1QBXbhsklLzh1pEVXLh74no/BU0ZU3pBMQDTilsVFz8v9hAFiFl7wOfnxC6AuRSgZ5+Aszk0Q==}
    engines: {node: '>=22'}
    hasBin: true
    peerDependencies:
      '@openfeature/server-sdk': ^1.0.0
      hono: ^4.0.0
    peerDependenciesMeta:
      '@openfeature/server-sdk':
        optional: true

  commander@12.1.0:
    resolution: {integrity: sha512-Vw8qHK3bZM9y/P10u3Vib8o/DdkvA2OtPtZvD871QKjy74Wj1WSKFILMPRPSdUSx5RFK1arlJzEtA4PkFgnbuA==}
    engines: {node: '>=18'}

  handlebars@4.7.9:
    resolution: {integrity: sha512-4E71E0rpOaQuJR2A3xDZ+GM1HyWYv1clR58tC8emQNeQe3RH7MAzSbat+V0wG78LQBo6m6bzSG/L4pBuCsgnUQ==}
    engines: {node: '>=0.4.7'}
    hasBin: true

  hono@4.12.22:
    resolution: {integrity: sha512-7fvVPbB92zNRsQke+uiRGwtTuef0tB2Dg4hWxYfFNvkQhIltWoyi0ONReM5LWA+jJWS3nfT5lTq+qbsIpX0IQw==}
    engines: {node: '>=16.9.0'}

  minimist@1.2.8:
    resolution: {integrity: sha512-2yyAR8qBkN3YuheJanUpWC5U3bb5osDywNB8RzDVlDwDHbocAJveqqj1u8+SVD7jkWT4yvsHCpWqqWqAxb0zCA==}

  neo-async@2.6.2:
    resolution: {integrity: sha512-Yd3UES5mWCSqR+qNT93S3UoYUkqAZ9lLg8a7g9rimsWmYGK8cVToA4/sF3RrshdyV3sAGMXVUmpMYOw+dLpOuw==}

  source-map@0.6.1:
    resolution: {integrity: sha512-UjgapumWlbMhkBgzT7Ykc5YXUT46F0iKu8SGXq0bcwP5dz/h0Plj6enJqjz1Zbq2l5WaqYnrVbwWOWMyF3F47g==}
    engines: {node: '>=0.10.0'}

  uglify-js@3.19.3:
    resolution: {integrity: sha512-v3Xu+yuwBXisp6QYTcH4UbH+xYJXqnq2m/LtQVWKWzYc1iehYnLixoQDN9FH6/j9/oybfd6W9Ghwkl8+UMKTKQ==}
    engines: {node: '>=0.8.0'}
    hasBin: true

  wordwrap@1.0.0:
    resolution: {integrity: sha512-gvVzJFlPycKc5dZN4yPkP8w7Dc37BtP1yczEneOb4uq34pXZcvrtRTmWV8W+Ume+XCxKgbjM+nevkyFPMybd4Q==}

snapshots:

  '@ktds-axbd/harness-kit@0.12.0(hono@4.12.22)':
    dependencies:
      commander: 12.1.0
      handlebars: 4.7.9
      hono: 4.12.22

  commander@12.1.0: {}

  handlebars@4.7.9:
    dependencies:
      minimist: 1.2.8
      neo-async: 2.6.2
      source-map: 0.6.1
      wordwrap: 1.0.0
    optionalDependencies:
      uglify-js: 3.19.3

  hono@4.12.22: {}

  minimist@1.2.8: {}

  neo-async@2.6.2: {}

  source-map@0.6.1: {}

  uglify-js@3.19.3:
    optional: true

  wordwrap@1.0.0: {}
